
Microsoft Visual Studio Solution File, Format Version 12.00
# Visual Studio 15
VisualStudioVersion = 15.0.28307.489
MinimumVisualStudioVersion = 10.0.40219.1
Project("{FAE04EC0-301F-11D3-BF4B-00C04F79EFBC}") = "attendance_client", "attendance_client\attendance_client.csproj", "{32A3427E-7F04-4013-BAAF-1BD59AA4FE1B}"
EndProject
Project("{8BC9CEB8-8B4A-11D0-8D11-00A0C91BC942}") = "Face", "Face\Face.vcxproj", "{30C7F63A-41CD-4E27-BE63-2318C609E07D}"
EndProject
Project("{FAE04EC0-301F-11D3-BF4B-00C04F79EFBC}") = "attendance", "attendance\attendance.csproj", "{32E78EEB-9A00-40B4-BFCB-B8F44AB8AF5E}"
EndProject
Project("{9A19103F-16F7-4668-BE54-9A1E7A4F7556}") = "attendance_api", "attendance_api\attendance_api.csproj", "{4AE47880-FBA6-4E85-8445-DE6D015E60C9}"
EndProject
Global
	GlobalSection(SolutionConfigurationPlatforms) = preSolution
		Debug|Any CPU = Debug|Any CPU
		Debug|x64 = Debug|x64
		Debug|x86 = Debug|x86
		Release|Any CPU = Release|Any CPU
		Release|x64 = Release|x64
		Release|x86 = Release|x86
	EndGlobalSection
	GlobalSection(ProjectConfigurationPlatforms) = postSolution
		{32A3427E-7F04-4013-BAAF-1BD59AA4FE1B}.Debug|Any CPU.ActiveCfg = Debug|Any CPU
		{32A3427E-7F04-4013-BAAF-1BD59AA4FE1B}.Debug|Any CPU.Build.0 = Debug|Any CPU
		{32A3427E-7F04-4013-BAAF-1BD59AA4FE1B}.Debug|x64.ActiveCfg = Debug|Any CPU
		{32A3427E-7F04-4013-BAAF-1BD59AA4FE1B}.Debug|x64.Build.0 = Debug|Any CPU
		{32A3427E-7F04-4013-BAAF-1BD59AA4FE1B}.Debug|x86.ActiveCfg = Debug|Any CPU
		{32A3427E-7F04-4013-BAAF-1BD59AA4FE1B}.Debug|x86.Build.0 = Debug|Any CPU
		{32A3427E-7F04-4013-BAAF-1BD59AA4FE1B}.Release|Any CPU.ActiveCfg = Release|Any CPU
		{32A3427E-7F04-4013-BAAF-1BD59AA4FE1B}.Release|Any CPU.Build.0 = Release|Any CPU
		{32A3427E-7F04-4013-BAAF-1BD59AA4FE1B}.Release|x64.ActiveCfg = Release|Any CPU
		{32A3427E-7F04-4013-BAAF-1BD59AA4FE1B}.Release|x64.Build.0 = Release|Any CPU
		{32A3427E-7F04-4013-BAAF-1BD59AA4FE1B}.Release|x86.ActiveCfg = Release|Any CPU
		{32A3427E-7F04-4013-BAAF-1BD59AA4FE1B}.Release|x86.Build.0 = Release|Any CPU
		{30C7F63A-41CD-4E27-BE63-2318C609E07D}.Debug|Any CPU.ActiveCfg = Debug|Win32
		{30C7F63A-41CD-4E27-BE63-2318C609E07D}.Debug|x64.ActiveCfg = Debug|x64
		{30C7F63A-41CD-4E27-BE63-2318C609E07D}.Debug|x64.Build.0 = Debug|x64
		{30C7F63A-41CD-4E27-BE63-2318C609E07D}.Debug|x86.ActiveCfg = Debug|Win32
		{30C7F63A-41CD-4E27-BE63-2318C609E07D}.Debug|x86.Build.0 = Debug|Win32
		{30C7F63A-41CD-4E27-BE63-2318C609E07D}.Release|Any CPU.ActiveCfg = Release|Win32
		{30C7F63A-41CD-4E27-BE63-2318C609E07D}.Release|x64.ActiveCfg = Release|x64
		{30C7F63A-41CD-4E27-BE63-2318C609E07D}.Release|x64.Build.0 = Release|x64
		{30C7F63A-41CD-4E27-BE63-2318C609E07D}.Release|x86.ActiveCfg = Release|Win32
		{30C7F63A-41CD-4E27-BE63-2318C609E07D}.Release|x86.Build.0 = Release|Win32
		{32E78EEB-9A00-40B4-BFCB-B8F44AB8AF5E}.Debug|Any CPU.ActiveCfg = Debug|Any CPU
		{32E78EEB-9A00-40B4-BFCB-B8F44AB8AF5E}.Debug|Any CPU.Build.0 = Debug|Any CPU
		{32E78EEB-9A00-40B4-BFCB-B8F44AB8AF5E}.Debug|x64.ActiveCfg = Debug|Any CPU
		{32E78EEB-9A00-40B4-BFCB-B8F44AB8AF5E}.Debug|x64.Build.0 = Debug|Any CPU
		{32E78EEB-9A00-40B4-BFCB-B8F44AB8AF5E}.Debug|x86.ActiveCfg = Debug|Any CPU
		{32E78EEB-9A00-40B4-BFCB-B8F44AB8AF5E}.Debug|x86.Build.0 = Debug|Any CPU
		{32E78EEB-9A00-40B4-BFCB-B8F44AB8AF5E}.Release|Any CPU.ActiveCfg = Release|Any CPU
		{32E78EEB-9A00-40B4-BFCB-B8F44AB8AF5E}.Release|Any CPU.Build.0 = Release|Any CPU
		{32E78EEB-9A00-40B4-BFCB-B8F44AB8AF5E}.Release|x64.ActiveCfg = Release|Any CPU
		{32E78EEB-9A00-40B4-BFCB-B8F44AB8AF5E}.Release|x64.Build.0 = Release|Any CPU
		{32E78EEB-9A00-40B4-BFCB-B8F44AB8AF5E}.Release|x86.ActiveCfg = Release|Any CPU
		{32E78EEB-9A00-40B4-BFCB-B8F44AB8AF5E}.Release|x86.Build.0 = Release|Any CPU
		{4AE47880-FBA6-4E85-8445-DE6D015E60C9}.Debug|Any CPU.ActiveCfg = Debug|Any CPU
		{4AE47880-FBA6-4E85-8445-DE6D015E60C9}.Debug|Any CPU.Build.0 = Debug|Any CPU
		{4AE47880-FBA6-4E85-8445-DE6D015E60C9}.Debug|x64.ActiveCfg = Debug|Any CPU
		{4AE47880-FBA6-4E85-8445-DE6D015E60C9}.Debug|x64.Build.0 = Debug|Any CPU
		{4AE47880-FBA6-4E85-8445-DE6D015E60C9}.Debug|x86.ActiveCfg = Debug|Any CPU
		{4AE47880-FBA6-4E85-8445-DE6D015E60C9}.Debug|x86.Build.0 = Debug|Any CPU
		{4AE47880-FBA6-4E85-8445-DE6D015E60C9}.Release|Any CPU.ActiveCfg = Release|Any CPU
		{4AE47880-FBA6-4E85-8445-DE6D015E60C9}.Release|Any CPU.Build.0 = Release|Any CPU
		{4AE47880-FBA6-4E85-8445-DE6D015E60C9}.Release|x64.ActiveCfg = Release|Any CPU
		{4AE47880-FBA6-4E85-8445-DE6D015E60C9}.Release|x64.Build.0 = Release|Any CPU
		{4AE47880-FBA6-4E85-8445-DE6D015E60C9}.Release|x86.ActiveCfg = Release|Any CPU
		{4AE47880-FBA6-4E85-8445-DE6D015E60C9}.Release|x86.Build.0 = Release|Any CPU
	EndGlobalSection
	GlobalSection(SolutionProperties) = preSolution
		HideSolutionNode = FALSE
	EndGlobalSection
	GlobalSection(ExtensibilityGlobals) = postSolution
		SolutionGuid = {BE331C8A-3948-431D-A12D-7BBCF888C57D}
	EndGlobalSection
EndGlobal
